
Microsoft Visual Studio Solution File, Format Version 12.00
# Visual Studio Version 17
VisualStudioVersion = 17.4.33403.182
MinimumVisualStudioVersion = 10.0.40219.1
Project("{FAE04EC0-301F-11D3-BF4B-00C04F79EFBC}") = "PracticasPropias", "PracticasPropias\PracticasPropias.csproj", "{5D02B54D-2380-4660-84A1-F7A7D77C8FDD}"
EndProject
Project("{FAE04EC0-301F-11D3-BF4B-00C04F79EFBC}") = "PracticasBasicas", "PracticasBasicas\PracticasBasicas.csproj", "{30EC4242-C407-4052-B77B-B67AA3AA4619}"
EndProject
Global
	GlobalSection(SolutionConfigurationPlatforms) = preSolution
		Debug|Any CPU = Debug|Any CPU
		Release|Any CPU = Release|Any CPU
	EndGlobalSection
	GlobalSection(ProjectConfigurationPlatforms) = postSolution
		{5D02B54D-2380-4660-84A1-F7A7D77C8FDD}.Debug|Any CPU.ActiveCfg = Debug|Any CPU
		{5D02B54D-2380-4660-84A1-F7A7D77C8FDD}.Debug|Any CPU.Build.0 = Debug|Any CPU
		{5D02B54D-2380-4660-84A1-F7A7D77C8FDD}.Release|Any CPU.ActiveCfg = Release|Any CPU
		{5D02B54D-2380-4660-84A1-F7A7D77C8FDD}.Release|Any CPU.Build.0 = Release|Any CPU
		{30EC4242-C407-4052-B77B-B67AA3AA4619}.Debug|Any CPU.ActiveCfg = Debug|Any CPU
		{30EC4242-C407-4052-B77B-B67AA3AA4619}.Debug|Any CPU.Build.0 = Debug|Any CPU
		{30EC4242-C407-4052-B77B-B67AA3AA4619}.Release|Any CPU.ActiveCfg = Release|Any CPU
		{30EC4242-C407-4052-B77B-B67AA3AA4619}.Release|Any CPU.Build.0 = Release|Any CPU
	EndGlobalSection
	GlobalSection(SolutionProperties) = preSolution
		HideSolutionNode = FALSE
	EndGlobalSection
	GlobalSection(ExtensibilityGlobals) = postSolution
		SolutionGuid = {E541E18A-885B-4434-A854-9A9362D8DC70}
	EndGlobalSection
EndGlobal
